
Microsoft Visual Studio Solution File, Format Version 12.00
# Visual Studio 15
VisualStudioVersion = 15.0.28307.902
MinimumVisualStudioVersion = 10.0.40219.1
Project("{FAE04EC0-301F-11D3-BF4B-00C04F79EFBC}") = "MessageQueue", "MessageQueue\MessageQueue.csproj", "{724B66E2-9438-44D5-9063-5A896AEBB17A}"
EndProject
Global
	GlobalSection(SolutionConfigurationPlatforms) = preSolution
		Debug|Any CPU = Debug|Any CPU
		Release|Any CPU = Release|Any CPU
	EndGlobalSection
	GlobalSection(ProjectConfigurationPlatforms) = postSolution
		{724B66E2-9438-44D5-9063-5A896AEBB17A}.Debug|Any CPU.ActiveCfg = Debug|Any CPU
		{724B66E2-9438-44D5-9063-5A896AEBB17A}.Debug|Any CPU.Build.0 = Debug|Any CPU
		{724B66E2-9438-44D5-9063-5A896AEBB17A}.Release|Any CPU.ActiveCfg = Release|Any CPU
		{724B66E2-9438-44D5-9063-5A896AEBB17A}.Release|Any CPU.Build.0 = Release|Any CPU
	EndGlobalSection
	GlobalSection(SolutionProperties) = preSolution
		HideSolutionNode = FALSE
	EndGlobalSection
	GlobalSection(ExtensibilityGlobals) = postSolution
		SolutionGuid = {F1A71642-92F4-4D02-A432-90D9A0AC34E4}
	EndGlobalSection
EndGlobal
